# THIS IS AN AUTOGENERATED FILE. DO NOT EDIT THIS FILE DIRECTLY.
# yarn lockfile v1


node-getopt@^0.3.2:
  version "0.3.2"
  resolved "https://registry.npmjs.org/node-getopt/-/node-getopt-0.3.2.tgz#57507cd22f6f69650aa99252304a842f1224e44c"
  integrity sha512-yqkmYrMbK1wPrfz7mgeYvA4tBperLg9FQ4S3Sau3nSAkpOA0x0zC8nQ1siBwozy1f4SE8vq2n1WKv99r+PCa1Q==
